{
  "nodes": {
    "crane": {
      "locked": {
        "lastModified": 1773857772,
        "narHash": "sha256-5xsK26KRHf0WytBtsBnQYC/lTWDhQuT57HJ7SzuqZcM=",
        "owner": "ipetkov",
        "repo": "crane",
        "rev": "b556d7bbae5ff86e378451511873dfd07e4504cd",
        "type": "github"
      },
      "original": {
        "owner": "ipetkov",
        "repo": "crane",
        "type": "github"
      }
    },
    "flake-parts": {
      "inputs": {
        "nixpkgs-lib": "nixpkgs-lib"
      },
      "locked": {
        "lastModified": 1772408722,
        "narHash": "sha256-rHuJtdcOjK7rAHpHphUb1iCvgkU3GpfvicLMwwnfMT0=",
        "owner": "hercules-ci",
        "repo": "flake-parts",
        "rev": "f20dc5d9b8027381c474144ecabc9034d6a839a3",
        "type": "github"
      },
      "original": {
        "owner": "hercules-ci",
        "repo": "flake-parts",
        "type": "github"
      }
    },
    "flake-parts_2": {
      "inputs": {
        "nixpkgs-lib": "nixpkgs-lib_2"
      },
      "locked": {
        "lastModified": 1767609335,
        "narHash": "sha256-feveD98mQpptwrAEggBQKJTYbvwwglSbOv53uCfH9PY=",
        "owner": "hercules-ci",
        "repo": "flake-parts",
        "rev": "250481aafeb741edfe23d29195671c19b36b6dca",
        "type": "github"
      },
      "original": {
        "owner": "hercules-ci",
        "repo": "flake-parts",
        "type": "github"
      }
    },
    "nixpkgs": {
      "locked": {
        "lastModified": 1774078191,
        "narHash": "sha256-nyxxxW1/2ouu9dU0I02ul5pHrmUrE1JVFhfFlmYe3Lw=",
        "owner": "NixOS",
        "repo": "nixpkgs",
        "rev": "09061f748ee21f68a089cd5d91ec1859cd93d0be",
        "type": "github"
      },
      "original": {
        "owner": "NixOS",
        "ref": "nixpkgs-unstable",
        "repo": "nixpkgs",
        "type": "github"
      }
    },
    "nixpkgs-lib": {
      "locked": {
        "lastModified": 1772328832,
        "narHash": "sha256-e+/T/pmEkLP6BHhYjx6GmwP5ivonQQn0bJdH9YrRB+Q=",
        "owner": "nix-community",
        "repo": "nixpkgs.lib",
        "rev": "c185c7a5e5dd8f9add5b2f8ebeff00888b070742",
        "type": "github"
      },
      "original": {
        "owner": "nix-community",
        "repo": "nixpkgs.lib",
        "type": "github"
      }
    },
    "nixpkgs-lib_2": {
      "locked": {
        "lastModified": 1765674936,
        "narHash": "sha256-k00uTP4JNfmejrCLJOwdObYC9jHRrr/5M/a/8L2EIdo=",
        "owner": "nix-community",
        "repo": "nixpkgs.lib",
        "rev": "2075416fcb47225d9b68ac469a5c4801a9c4dd85",
        "type": "github"
      },
      "original": {
        "owner": "nix-community",
        "repo": "nixpkgs.lib",
        "type": "github"
      }
    },
    "nur-packages": {
      "inputs": {
        "flake-parts": "flake-parts_2",
        "nixpkgs": [
          "nixpkgs"
        ],
        "rust-overlay": [
          "rust-overlay"
        ],
        "treefmt-nix": "treefmt-nix"
      },
      "locked": {
        "lastModified": 1774272290,
        "narHash": "sha256-k/MXYx9fhfLNEvn4K06qGfX+18hG/3omBTHxaJg7ef0=",
        "owner": "chrjabs",
        "repo": "nur-packages",
        "rev": "c8e5f2e9bee28218c8fcff4a5b1d1dd33c0dc9b0",
        "type": "github"
      },
      "original": {
        "owner": "chrjabs",
        "repo": "nur-packages",
        "type": "github"
      }
    },
    "root": {
      "inputs": {
        "crane": "crane",
        "flake-parts": "flake-parts",
        "nixpkgs": "nixpkgs",
        "nur-packages": "nur-packages",
        "rust-overlay": "rust-overlay",
        "treefmt-nix": "treefmt-nix_2"
      }
    },
    "rust-overlay": {
      "inputs": {
        "nixpkgs": [
          "nixpkgs"
        ]
      },
      "locked": {
        "lastModified": 1774235565,
        "narHash": "sha256-D8OOwvq3zDDCtIhMcNueb9tGSZaZUanKpWDleRgQ80U=",
        "owner": "oxalica",
        "repo": "rust-overlay",
        "rev": "dc00324a2438762582b49954373112b8eab29cab",
        "type": "github"
      },
      "original": {
        "owner": "oxalica",
        "repo": "rust-overlay",
        "type": "github"
      }
    },
    "treefmt-nix": {
      "inputs": {
        "nixpkgs": [
          "nur-packages",
          "nixpkgs"
        ]
      },
      "locked": {
        "lastModified": 1767738726,
        "narHash": "sha256-bHATlMr42JABTJgi4Wc8SJCK8Cv9AnR6HCl3k8eTwEs=",
        "owner": "numtide",
        "repo": "treefmt-nix",
        "rev": "4db0238d79254c6d14f251808dc5264b8fc81b73",
        "type": "github"
      },
      "original": {
        "owner": "numtide",
        "repo": "treefmt-nix",
        "type": "github"
      }
    },
    "treefmt-nix_2": {
      "inputs": {
        "nixpkgs": [
          "nixpkgs"
        ]
      },
      "locked": {
        "lastModified": 1773297127,
        "narHash": "sha256-6E/yhXP7Oy/NbXtf1ktzmU8SdVqJQ09HC/48ebEGBpk=",
        "owner": "numtide",
        "repo": "treefmt-nix",
        "rev": "71b125cd05fbfd78cab3e070b73544abe24c5016",
        "type": "github"
      },
      "original": {
        "owner": "numtide",
        "repo": "treefmt-nix",
        "type": "github"
      }
    }
  },
  "root": "root",
  "version": 7
}
